// !$*UTF8*$!
{
	archiveVersion = 1;
	classes = {
	};
	objectVersion = 51;
	objects = {

/* Begin PBXBuildFile section */
		6222B5C126EA1D39004BE34C /* AppDelegate.swift in Sources */ = {isa = PBXBuildFile; fileRef = 6222B5C026EA1D39004BE34C /* AppDelegate.swift */; };
		6222B5C326EA1D39004BE34C /* SceneDelegate.swift in Sources */ = {isa = PBXBuildFile; fileRef = 6222B5C226EA1D39004BE34C /* SceneDelegate.swift */; };
		6222B5C526EA1D39004BE34C /* LoginViewController.swift in Sources */ = {isa = PBXBuildFile; fileRef = 6222B5C426EA1D39004BE34C /* LoginViewController.swift */; };
		6222B5CA26EA1D3B004BE34C /* Assets.xcassets in Resources */ = {isa = PBXBuildFile; fileRef = 6222B5C926EA1D3B004BE34C /* Assets.xcassets */; };
		6222B5CD26EA1D3B004BE34C /* LaunchScreen.storyboard in Resources */ = {isa = PBXBuildFile; fileRef = 6222B5CB26EA1D3B004BE34C /* LaunchScreen.storyboard */; };
		624E9C6C26F205CA00E92F11 /* UIView+Extesion.swift in Sources */ = {isa = PBXBuildFile; fileRef = 624E9C6B26F205CA00E92F11 /* UIView+Extesion.swift */; };
		62577CC026F097D20024C995 /* LoginRouter.swift in Sources */ = {isa = PBXBuildFile; fileRef = 62577CBF26F097D20024C995 /* LoginRouter.swift */; };
		629FFAF826F62900002ADFBD /* User.swift in Sources */ = {isa = PBXBuildFile; fileRef = 629FFAF726F62900002ADFBD /* User.swift */; };
		629FFAFB26F62931002ADFBD /* UserViewModel.swift in Sources */ = {isa = PBXBuildFile; fileRef = 629FFAFA26F62931002ADFBD /* UserViewModel.swift */; };
		62F35A9D26EB247700BFB7EF /* LoginView.swift in Sources */ = {isa = PBXBuildFile; fileRef = 62F35A9C26EB247700BFB7EF /* LoginView.swift */; };
		62F35AA026EB5E0300BFB7EF /* MenuView.swift in Sources */ = {isa = PBXBuildFile; fileRef = 62F35A9F26EB5E0300BFB7EF /* MenuView.swift */; };
		62F35AA226EB5E1500BFB7EF /* MenuViewController.swift in Sources */ = {isa = PBXBuildFile; fileRef = 62F35AA126EB5E1500BFB7EF /* MenuViewController.swift */; };
		62F35AA626EB645100BFB7EF /* RegistrationViewController.swift in Sources */ = {isa = PBXBuildFile; fileRef = 62F35AA526EB645100BFB7EF /* RegistrationViewController.swift */; };
		62F35AA826EB646800BFB7EF /* RegistrationView.swift in Sources */ = {isa = PBXBuildFile; fileRef = 62F35AA726EB646800BFB7EF /* RegistrationView.swift */; };
		810662BB7307EE2270A16495 /* Pods_LoginNoStoryboard.framework in Frameworks */ = {isa = PBXBuildFile; fileRef = 71379E4B6486FFE024FFFBFF /* Pods_LoginNoStoryboard.framework */; };
/* End PBXBuildFile section */

/* Begin PBXFileReference section */
		6222B5BD26EA1D39004BE34C /* LoginNoStoryboard.app */ = {isa = PBXFileReference; explicitFileType = wrapper.application; includeInIndex = 0; path = LoginNoStoryboard.app; sourceTree = BUILT_PRODUCTS_DIR; };
		6222B5C026EA1D39004BE34C /* AppDelegate.swift */ = {isa = PBXFileReference; lastKnownFileType = sourcecode.swift; path = AppDelegate.swift; sourceTree = "<group>"; };
		6222B5C226EA1D39004BE34C /* SceneDelegate.swift */ = {isa = PBXFileReference; lastKnownFileType = sourcecode.swift; path = SceneDelegate.swift; sourceTree = "<group>"; };
		6222B5C426EA1D39004BE34C /* LoginViewController.swift */ = {isa = PBXFileReference; lastKnownFileType = sourcecode.swift; path = LoginViewController.swift; sourceTree = "<group>"; };
		6222B5C926EA1D3B004BE34C /* Assets.xcassets */ = {isa = PBXFileReference; lastKnownFileType = folder.assetcatalog; path = Assets.xcassets; sourceTree = "<group>"; };
		6222B5CC26EA1D3B004BE34C /* Base */ = {isa = PBXFileReference; lastKnownFileType = file.storyboard; name = Base; path = Base.lproj/LaunchScreen.storyboard; sourceTree = "<group>"; };
		6222B5CE26EA1D3B004BE34C /* Info.plist */ = {isa = PBXFileReference; lastKnownFileType = text.plist.xml; path = Info.plist; sourceTree = "<group>"; };
		624E9C6B26F205CA00E92F11 /* UIView+Extesion.swift */ = {isa = PBXFileReference; lastKnownFileType = sourcecode.swift; path = "UIView+Extesion.swift"; sourceTree = "<group>"; };
		62577CBF26F097D20024C995 /* LoginRouter.swift */ = {isa = PBXFileReference; lastKnownFileType = sourcecode.swift; path = LoginRouter.swift; sourceTree = "<group>"; };
		629FFAF726F62900002ADFBD /* User.swift */ = {isa = PBXFileReference; lastKnownFileType = sourcecode.swift; path = User.swift; sourceTree = "<group>"; };
		629FFAFA26F62931002ADFBD /* UserViewModel.swift */ = {isa = PBXFileReference; lastKnownFileType = sourcecode.swift; path = UserViewModel.swift; sourceTree = "<group>"; };
		62F35A9C26EB247700BFB7EF /* LoginView.swift */ = {isa = PBXFileReference; lastKnownFileType = sourcecode.swift; path = LoginView.swift; sourceTree = "<group>"; };
		62F35A9F26EB5E0300BFB7EF /* MenuView.swift */ = {isa = PBXFileReference; lastKnownFileType = sourcecode.swift; path = MenuView.swift; sourceTree = "<group>"; };
		62F35AA126EB5E1500BFB7EF /* MenuViewController.swift */ = {isa = PBXFileReference; lastKnownFileType = sourcecode.swift; path = MenuViewController.swift; sourceTree = "<group>"; };
		62F35AA526EB645100BFB7EF /* RegistrationViewController.swift */ = {isa = PBXFileReference; lastKnownFileType = sourcecode.swift; path = RegistrationViewController.swift; sourceTree = "<group>"; };
		62F35AA726EB646800BFB7EF /* RegistrationView.swift */ = {isa = PBXFileReference; lastKnownFileType = sourcecode.swift; path = RegistrationView.swift; sourceTree = "<group>"; };
		71379E4B6486FFE024FFFBFF /* Pods_LoginNoStoryboard.framework */ = {isa = PBXFileReference; explicitFileType = wrapper.framework; includeInIndex = 0; path = Pods_LoginNoStoryboard.framework; sourceTree = BUILT_PRODUCTS_DIR; };
		7E2D263218B6FFE1C4CA0FFD /* Pods-LoginNoStoryboard.release.xcconfig */ = {isa = PBXFileReference; includeInIndex = 1; lastKnownFileType = text.xcconfig; name = "Pods-LoginNoStoryboard.release.xcconfig"; path = "Target Support Files/Pods-LoginNoStoryboard/Pods-LoginNoStoryboard.release.xcconfig"; sourceTree = "<group>"; };
		A8480A36D32AF999DEC167B9 /* Pods-LoginNoStoryboard.debug.xcconfig */ = {isa = PBXFileReference; includeInIndex = 1; lastKnownFileType = text.xcconfig; name = "Pods-LoginNoStoryboard.debug.xcconfig"; path = "Target Support Files/Pods-LoginNoStoryboard/Pods-LoginNoStoryboard.debug.xcconfig"; sourceTree = "<group>"; };
/* End PBXFileReference section */

/* Begin PBXFrameworksBuildPhase section */
		6222B5BA26EA1D39004BE34C /* Frameworks */ = {
			isa = PBXFrameworksBuildPhase;
			buildActionMask = 2147483647;
			files = (
				810662BB7307EE2270A16495 /* Pods_LoginNoStoryboard.framework in Frameworks */,
			);
			runOnlyForDeploymentPostprocessing = 0;
		};
/* End PBXFrameworksBuildPhase section */

/* Begin PBXGroup section */
		450D3AAA8078485E4B52F889 /* Pods */ = {
			isa = PBXGroup;
			children = (
				A8480A36D32AF999DEC167B9 /* Pods-LoginNoStoryboard.debug.xcconfig */,
				7E2D263218B6FFE1C4CA0FFD /* Pods-LoginNoStoryboard.release.xcconfig */,
			);
			path = Pods;
			sourceTree = "<group>";
		};
		48E76659B17E9EC8D62837BD /* Frameworks */ = {
			isa = PBXGroup;
			children = (
				71379E4B6486FFE024FFFBFF /* Pods_LoginNoStoryboard.framework */,
			);
			name = Frameworks;
			sourceTree = "<group>";
		};
		6222B5B426EA1D39004BE34C = {
			isa = PBXGroup;
			children = (
				6222B5BF26EA1D39004BE34C /* LoginNoStoryboard */,
				6222B5BE26EA1D39004BE34C /* Products */,
				450D3AAA8078485E4B52F889 /* Pods */,
				48E76659B17E9EC8D62837BD /* Frameworks */,
			);
			sourceTree = "<group>";
		};
		6222B5BE26EA1D39004BE34C /* Products */ = {
			isa = PBXGroup;
			children = (
				6222B5BD26EA1D39004BE34C /* LoginNoStoryboard.app */,
			);
			name = Products;
			sourceTree = "<group>";
		};
		6222B5BF26EA1D39004BE34C /* LoginNoStoryboard */ = {
			isa = PBXGroup;
			children = (
				629FFAF926F6291D002ADFBD /* ViewModel */,
				629FFAF626F628F4002ADFBD /* Model */,
				624E9C6A26F205A300E92F11 /* Resurse */,
				62577CBE26F097AF0024C995 /* Router */,
				62F35A9E26EB247C00BFB7EF /* View */,
				6222B5C026EA1D39004BE34C /* AppDelegate.swift */,
				6222B5C226EA1D39004BE34C /* SceneDelegate.swift */,
				6222B5C926EA1D3B004BE34C /* Assets.xcassets */,
				6222B5CB26EA1D3B004BE34C /* LaunchScreen.storyboard */,
				6222B5CE26EA1D3B004BE34C /* Info.plist */,
			);
			path = LoginNoStoryboard;
			sourceTree = "<group>";
		};
		624E9C6A26F205A300E92F11 /* Resurse */ = {
			isa = PBXGroup;
			children = (
				624E9C6B26F205CA00E92F11 /* UIView+Extesion.swift */,
			);
			path = Resurse;
			sourceTree = "<group>";
		};
		62577CBE26F097AF0024C995 /* Router */ = {
			isa = PBXGroup;
			children = (
				62577CBF26F097D20024C995 /* LoginRouter.swift */,
			);
			path = Router;
			sourceTree = "<group>";
		};
		629FFAF626F628F4002ADFBD /* Model */ = {
			isa = PBXGroup;
			children = (
				629FFAF726F62900002ADFBD /* User.swift */,
			);
			path = Model;
			sourceTree = "<group>";
		};
		629FFAF926F6291D002ADFBD /* ViewModel */ = {
			isa = PBXGroup;
			children = (
				629FFAFA26F62931002ADFBD /* UserViewModel.swift */,
			);
			path = ViewModel;
			sourceTree = "<group>";
		};
		629FFAFC26F62A06002ADFBD /* Login */ = {
			isa = PBXGroup;
			children = (
				6222B5C426EA1D39004BE34C /* LoginViewController.swift */,
				62F35A9C26EB247700BFB7EF /* LoginView.swift */,
			);
			path = Login;
			sourceTree = "<group>";
		};
		62F35A9E26EB247C00BFB7EF /* View */ = {
			isa = PBXGroup;
			children = (
				629FFAFC26F62A06002ADFBD /* Login */,
				62F35AA426EB640100BFB7EF /* Registration */,
				62F35AA326EB637F00BFB7EF /* Menu */,
			);
			path = View;
			sourceTree = "<group>";
		};
		62F35AA326EB637F00BFB7EF /* Menu */ = {
			isa = PBXGroup;
			children = (
				62F35A9F26EB5E0300BFB7EF /* MenuView.swift */,
				62F35AA126EB5E1500BFB7EF /* MenuViewController.swift */,
			);
			path = Menu;
			sourceTree = "<group>";
		};
		62F35AA426EB640100BFB7EF /* Registration */ = {
			isa = PBXGroup;
			children = (
				62F35AA526EB645100BFB7EF /* RegistrationViewController.swift */,
				62F35AA726EB646800BFB7EF /* RegistrationView.swift */,
			);
			path = Registration;
			sourceTree = "<group>";
		};
/* End PBXGroup section */

/* Begin PBXNativeTarget section */
		6222B5BC26EA1D39004BE34C /* LoginNoStoryboard */ = {
			isa = PBXNativeTarget;
			buildConfigurationList = 6222B5D126EA1D3B004BE34C /* Build configuration list for PBXNativeTarget "LoginNoStoryboard" */;
			buildPhases = (
				33D5D6E5064A33C1A7DC86B9 /* [CP] Check Pods Manifest.lock */,
				6222B5B926EA1D39004BE34C /* Sources */,
				6222B5BA26EA1D39004BE34C /* Frameworks */,
				6222B5BB26EA1D39004BE34C /* Resources */,
				5D5BCA69534B1BC73CE18D99 /* [CP] Embed Pods Frameworks */,
			);
			buildRules = (
			);
			dependencies = (
			);
			name = LoginNoStoryboard;
			productName = LoginNoStoryboard;
			productReference = 6222B5BD26EA1D39004BE34C /* LoginNoStoryboard.app */;
			productType = "com.apple.product-type.application";
		};
/* End PBXNativeTarget section */

/* Begin PBXProject section */
		6222B5B526EA1D39004BE34C /* Project object */ = {
			isa = PBXProject;
			attributes = {
				LastSwiftUpdateCheck = 1250;
				LastUpgradeCheck = 1250;
				TargetAttributes = {
					6222B5BC26EA1D39004BE34C = {
						CreatedOnToolsVersion = 12.5.1;
					};
				};
			};
			buildConfigurationList = 6222B5B826EA1D39004BE34C /* Build configuration list for PBXProject "LoginNoStoryboard" */;
			compatibilityVersion = "Xcode 9.3";
			developmentRegion = en;
			hasScannedForEncodings = 0;
			knownRegions = (
				en,
				Base,
			);
			mainGroup = 6222B5B426EA1D39004BE34C;
			productRefGroup = 6222B5BE26EA1D39004BE34C /* Products */;
			projectDirPath = "";
			projectRoot = "";
			targets = (
				6222B5BC26EA1D39004BE34C /* LoginNoStoryboard */,
			);
		};
/* End PBXProject section */

/* Begin PBXResourcesBuildPhase section */
		6222B5BB26EA1D39004BE34C /* Resources */ = {
			isa = PBXResourcesBuildPhase;
			buildActionMask = 2147483647;
			files = (
				6222B5CD26EA1D3B004BE34C /* LaunchScreen.storyboard in Resources */,
				6222B5CA26EA1D3B004BE34C /* Assets.xcassets in Resources */,
			);
			runOnlyForDeploymentPostprocessing = 0;
		};
/* End PBXResourcesBuildPhase section */

/* Begin PBXShellScriptBuildPhase section */
		33D5D6E5064A33C1A7DC86B9 /* [CP] Check Pods Manifest.lock */ = {
			isa = PBXShellScriptBuildPhase;
			buildActionMask = 2147483647;
			files = (
			);
			inputFileListPaths = (
			);
			inputPaths = (
				"${PODS_PODFILE_DIR_PATH}/Podfile.lock",
				"${PODS_ROOT}/Manifest.lock",
			);
			name = "[CP] Check Pods Manifest.lock";
			outputFileListPaths = (
			);
			outputPaths = (
				"$(DERIVED_FILE_DIR)/Pods-LoginNoStoryboard-checkManifestLockResult.txt",
			);
			runOnlyForDeploymentPostprocessing = 0;
			shellPath = /bin/sh;
			shellScript = "diff \"${PODS_PODFILE_DIR_PATH}/Podfile.lock\" \"${PODS_ROOT}/Manifest.lock\" > /dev/null\nif [ $? != 0 ] ; then\n    # print error to STDERR\n    echo \"error: The sandbox is not in sync with the Podfile.lock. Run 'pod install' or update your CocoaPods installation.\" >&2\n    exit 1\nfi\n# This output is used by Xcode 'outputs' to avoid re-running this script phase.\necho \"SUCCESS\" > \"${SCRIPT_OUTPUT_FILE_0}\"\n";
			showEnvVarsInLog = 0;
		};
		5D5BCA69534B1BC73CE18D99 /* [CP] Embed Pods Frameworks */ = {
			isa = PBXShellScriptBuildPhase;
			buildActionMask = 2147483647;
			files = (
			);
			inputFileListPaths = (
				"${PODS_ROOT}/Target Support Files/Pods-LoginNoStoryboard/Pods-LoginNoStoryboard-frameworks-${CONFIGURATION}-input-files.xcfilelist",
			);
			name = "[CP] Embed Pods Frameworks";
			outputFileListPaths = (
				"${PODS_ROOT}/Target Support Files/Pods-LoginNoStoryboard/Pods-LoginNoStoryboard-frameworks-${CONFIGURATION}-output-files.xcfilelist",
			);
			runOnlyForDeploymentPostprocessing = 0;
			shellPath = /bin/sh;
			shellScript = "\"${PODS_ROOT}/Target Support Files/Pods-LoginNoStoryboard/Pods-LoginNoStoryboard-frameworks.sh\"\n";
			showEnvVarsInLog = 0;
		};
/* End PBXShellScriptBuildPhase section */

/* Begin PBXSourcesBuildPhase section */
		6222B5B926EA1D39004BE34C /* Sources */ = {
			isa = PBXSourcesBuildPhase;
			buildActionMask = 2147483647;
			files = (
				62F35AA026EB5E0300BFB7EF /* MenuView.swift in Sources */,
				629FFAFB26F62931002ADFBD /* UserViewModel.swift in Sources */,
				62F35AA226EB5E1500BFB7EF /* MenuViewController.swift in Sources */,
				6222B5C526EA1D39004BE34C /* LoginViewController.swift in Sources */,
				624E9C6C26F205CA00E92F11 /* UIView+Extesion.swift in Sources */,
				6222B5C126EA1D39004BE34C /* AppDelegate.swift in Sources */,
				62577CC026F097D20024C995 /* LoginRouter.swift in Sources */,
				62F35AA626EB645100BFB7EF /* RegistrationViewController.swift in Sources */,
				62F35A9D26EB247700BFB7EF /* LoginView.swift in Sources */,
				6222B5C326EA1D39004BE34C /* SceneDelegate.swift in Sources */,
				62F35AA826EB646800BFB7EF /* RegistrationView.swift in Sources */,
				629FFAF826F62900002ADFBD /* User.swift in Sources */,
			);
			runOnlyForDeploymentPostprocessing = 0;
		};
/* End PBXSourcesBuildPhase section */

/* Begin PBXVariantGroup section */
		6222B5CB26EA1D3B004BE34C /* LaunchScreen.storyboard */ = {
			isa = PBXVariantGroup;
			children = (
				6222B5CC26EA1D3B004BE34C /* Base */,
			);
			name = LaunchScreen.storyboard;
			sourceTree = "<group>";
		};
/* End PBXVariantGroup section */

/* Begin XCBuildConfiguration section */
		6222B5CF26EA1D3B004BE34C /* Debug */ = {
			isa = XCBuildConfiguration;
			buildSettings = {
				ALWAYS_SEARCH_USER_PATHS = NO;
				CLANG_ANALYZER_NONNULL = YES;
				CLANG_ANALYZER_NUMBER_OBJECT_CONVERSION = YES_AGGRESSIVE;
				CLANG_CXX_LANGUAGE_STANDARD = "gnu++14";
				CLANG_CXX_LIBRARY = "libc++";
				CLANG_ENABLE_MODULES = YES;
				CLANG_ENABLE_OBJC_ARC = YES;
				CLANG_ENABLE_OBJC_WEAK = YES;
				CLANG_WARN_BLOCK_CAPTURE_AUTORELEASING = YES;
				CLANG_WARN_BOOL_CONVERSION = YES;
				CLANG_WARN_COMMA = YES;
				CLANG_WARN_CONSTANT_CONVERSION = YES;
				CLANG_WARN_DEPRECATED_OBJC_IMPLEMENTATIONS = YES;
				CLANG_WARN_DIRECT_OBJC_ISA_USAGE = YES_ERROR;
				CLANG_WARN_DOCUMENTATION_COMMENTS = YES;
				CLANG_WARN_EMPTY_BODY = YES;
				CLANG_WARN_ENUM_CONVERSION = YES;
				CLANG_WARN_INFINITE_RECURSION = YES;
				CLANG_WARN_INT_CONVERSION = YES;
				CLANG_WARN_NON_LITERAL_NULL_CONVERSION = YES;
				CLANG_WARN_OBJC_IMPLICIT_RETAIN_SELF = YES;
				CLANG_WARN_OBJC_LITERAL_CONVERSION = YES;
				CLANG_WARN_OBJC_ROOT_CLASS = YES_ERROR;
				CLANG_WARN_QUOTED_INCLUDE_IN_FRAMEWORK_HEADER = YES;
				CLANG_WARN_RANGE_LOOP_ANALYSIS = YES;
				CLANG_WARN_STRICT_PROTOTYPES = YES;
				CLANG_WARN_SUSPICIOUS_MOVE = YES;
				CLANG_WARN_UNGUARDED_AVAILABILITY = YES_AGGRESSIVE;
				CLANG_WARN_UNREACHABLE_CODE = YES;
				CLANG_WARN__DUPLICATE_METHOD_MATCH = YES;
				COPY_PHASE_STRIP = NO;
				DEBUG_INFORMATION_FORMAT = dwarf;
				ENABLE_STRICT_OBJC_MSGSEND = YES;
				ENABLE_TESTABILITY = YES;
				GCC_C_LANGUAGE_STANDARD = gnu11;
				GCC_DYNAMIC_NO_PIC = NO;
				GCC_NO_COMMON_BLOCKS = YES;
				GCC_OPTIMIZATION_LEVEL = 0;
				GCC_PREPROCESSOR_DEFINITIONS = (
					"DEBUG=1",
					"$(inherited)",
				);
				GCC_WARN_64_TO_32_BIT_CONVERSION = YES;
				GCC_WARN_ABOUT_RETURN_TYPE = YES_ERROR;
				GCC_WARN_UNDECLARED_SELECTOR = YES;
				GCC_WARN_UNINITIALIZED_AUTOS = YES_AGGRESSIVE;
				GCC_WARN_UNUSED_FUNCTION = YES;
				GCC_WARN_UNUSED_VARIABLE = YES;
				IPHONEOS_DEPLOYMENT_TARGET = 14.5;
				MTL_ENABLE_DEBUG_INFO = INCLUDE_SOURCE;
				MTL_FAST_MATH = YES;
				ONLY_ACTIVE_ARCH = YES;
				SDKROOT = iphoneos;
				SWIFT_ACTIVE_COMPILATION_CONDITIONS = DEBUG;
				SWIFT_OPTIMIZATION_LEVEL = "-Onone";
			};
			name = Debug;
		};
		6222B5D026EA1D3B004BE34C /* Release */ = {
			isa = XCBuildConfiguration;
			buildSettings = {
				ALWAYS_SEARCH_USER_PATHS = NO;
				CLANG_ANALYZER_NONNULL = YES;
				CLANG_ANALYZER_NUMBER_OBJECT_CONVERSION = YES_AGGRESSIVE;
				CLANG_CXX_LANGUAGE_STANDARD = "gnu++14";
				CLANG_CXX_LIBRARY = "libc++";
				CLANG_ENABLE_MODULES = YES;
				CLANG_ENABLE_OBJC_ARC = YES;
				CLANG_ENABLE_OBJC_WEAK = YES;
				CLANG_WARN_BLOCK_CAPTURE_AUTORELEASING = YES;
				CLANG_WARN_BOOL_CONVERSION = YES;
				CLANG_WARN_COMMA = YES;
				CLANG_WARN_CONSTANT_CONVERSION = YES;
				CLANG_WARN_DEPRECATED_OBJC_IMPLEMENTATIONS = YES;
				CLANG_WARN_DIRECT_OBJC_ISA_USAGE = YES_ERROR;
				CLANG_WARN_DOCUMENTATION_COMMENTS = YES;
				CLANG_WARN_EMPTY_BODY = YES;
				CLANG_WARN_ENUM_CONVERSION = YES;
				CLANG_WARN_INFINITE_RECURSION = YES;
				CLANG_WARN_INT_CONVERSION = YES;
				CLANG_WARN_NON_LITERAL_NULL_CONVERSION = YES;
				CLANG_WARN_OBJC_IMPLICIT_RETAIN_SELF = YES;
				CLANG_WARN_OBJC_LITERAL_CONVERSION = YES;
				CLANG_WARN_OBJC_ROOT_CLASS = YES_ERROR;
				CLANG_WARN_QUOTED_INCLUDE_IN_FRAMEWORK_HEADER = YES;
				CLANG_WARN_RANGE_LOOP_ANALYSIS = YES;
				CLANG_WARN_STRICT_PROTOTYPES = YES;
				CLANG_WARN_SUSPICIOUS_MOVE = YES;
				CLANG_WARN_UNGUARDED_AVAILABILITY = YES_AGGRESSIVE;
				CLANG_WARN_UNREACHABLE_CODE = YES;
				CLANG_WARN__DUPLICATE_METHOD_MATCH = YES;
				COPY_PHASE_STRIP = NO;
				DEBUG_INFORMATION_FORMAT = "dwarf-with-dsym";
				ENABLE_NS_ASSERTIONS = NO;
				ENABLE_STRICT_OBJC_MSGSEND = YES;
				GCC_C_LANGUAGE_STANDARD = gnu11;
				GCC_NO_COMMON_BLOCKS = YES;
				GCC_WARN_64_TO_32_BIT_CONVERSION = YES;
				GCC_WARN_ABOUT_RETURN_TYPE = YES_ERROR;
				GCC_WARN_UNDECLARED_SELECTOR = YES;
				GCC_WARN_UNINITIALIZED_AUTOS = YES_AGGRESSIVE;
				GCC_WARN_UNUSED_FUNCTION = YES;
				GCC_WARN_UNUSED_VARIABLE = YES;
				IPHONEOS_DEPLOYMENT_TARGET = 14.5;
				MTL_ENABLE_DEBUG_INFO = NO;
				MTL_FAST_MATH = YES;
				SDKROOT = iphoneos;
				SWIFT_COMPILATION_MODE = wholemodule;
				SWIFT_OPTIMIZATION_LEVEL = "-O";
				VALIDATE_PRODUCT = YES;
			};
			name = Release;
		};
		6222B5D226EA1D3B004BE34C /* Debug */ = {
			isa = XCBuildConfiguration;
			baseConfigurationReference = A8480A36D32AF999DEC167B9 /* Pods-LoginNoStoryboard.debug.xcconfig */;
			buildSettings = {
				ASSETCATALOG_COMPILER_APPICON_NAME = AppIcon;
				ASSETCATALOG_COMPILER_GLOBAL_ACCENT_COLOR_NAME = AccentColor;
				CODE_SIGN_STYLE = Automatic;
				DEVELOPMENT_TEAM = E7LT4SWZY4;
				INFOPLIST_FILE = LoginNoStoryboard/Info.plist;
				LD_RUNPATH_SEARCH_PATHS = (
					"$(inherited)",
					"@executable_path/Frameworks",
				);
				PRODUCT_BUNDLE_IDENTIFIER = Domiik.LoginNoStoryboard;
				PRODUCT_NAME = "$(TARGET_NAME)";
				SWIFT_VERSION = 5.0;
				TARGETED_DEVICE_FAMILY = "1,2";
			};
			name = Debug;
		};
		6222B5D326EA1D3B004BE34C /* Release */ = {
			isa = XCBuildConfiguration;
			baseConfigurationReference = 7E2D263218B6FFE1C4CA0FFD /* Pods-LoginNoStoryboard.release.xcconfig */;
			buildSettings = {
				ASSETCATALOG_COMPILER_APPICON_NAME = AppIcon;
				ASSETCATALOG_COMPILER_GLOBAL_ACCENT_COLOR_NAME = AccentColor;
				CODE_SIGN_STYLE = Automatic;
				DEVELOPMENT_TEAM = E7LT4SWZY4;
				INFOPLIST_FILE = LoginNoStoryboard/Info.plist;
				LD_RUNPATH_SEARCH_PATHS = (
					"$(inherited)",
					"@executable_path/Frameworks",
				);
				PRODUCT_BUNDLE_IDENTIFIER = Domiik.LoginNoStoryboard;
				PRODUCT_NAME = "$(TARGET_NAME)";
				SWIFT_VERSION = 5.0;
				TARGETED_DEVICE_FAMILY = "1,2";
			};
			name = Release;
		};
/* End XCBuildConfiguration section */

/* Begin XCConfigurationList section */
		6222B5B826EA1D39004BE34C /* Build configuration list for PBXProject "LoginNoStoryboard" */ = {
			isa = XCConfigurationList;
			buildConfigurations = (
				6222B5CF26EA1D3B004BE34C /* Debug */,
				6222B5D026EA1D3B004BE34C /* Release */,
			);
			defaultConfigurationIsVisible = 0;
			defaultConfigurationName = Release;
		};
		6222B5D126EA1D3B004BE34C /* Build configuration list for PBXNativeTarget "LoginNoStoryboard" */ = {
			isa = XCConfigurationList;
			buildConfigurations = (
				6222B5D226EA1D3B004BE34C /* Debug */,
				6222B5D326EA1D3B004BE34C /* Release */,
			);
			defaultConfigurationIsVisible = 0;
			defaultConfigurationName = Release;
		};
/* End XCConfigurationList section */
	};
	rootObject = 6222B5B526EA1D39004BE34C /* Project object */;
}
